
Microsoft Visual Studio Solution File, Format Version 12.00
# Visual Studio Version 17
VisualStudioVersion = 17.7.34024.191
MinimumVisualStudioVersion = 10.0.40219.1
Project("{8BC9CEB8-8B4A-11D0-8D11-00A0C91BC942}") = "TransportControl", "TransportControl\TransportControl.vcxproj", "{7E1E3503-0280-4841-B338-9120C2555176}"
EndProject
Global
	GlobalSection(SolutionConfigurationPlatforms) = preSolution
		Debug|x64 = Debug|x64
		Debug|x86 = Debug|x86
		Release|x64 = Release|x64
		Release|x86 = Release|x86
	EndGlobalSection
	GlobalSection(ProjectConfigurationPlatforms) = postSolution
		{7E1E3503-0280-4841-B338-9120C2555176}.Debug|x64.ActiveCfg = Debug|x64
		{7E1E3503-0280-4841-B338-9120C2555176}.Debug|x64.Build.0 = Debug|x64
		{7E1E3503-0280-4841-B338-9120C2555176}.Debug|x86.ActiveCfg = Debug|Win32
		{7E1E3503-0280-4841-B338-9120C2555176}.Debug|x86.Build.0 = Debug|Win32
		{7E1E3503-0280-4841-B338-9120C2555176}.Release|x64.ActiveCfg = Release|x64
		{7E1E3503-0280-4841-B338-9120C2555176}.Release|x64.Build.0 = Release|x64
		{7E1E3503-0280-4841-B338-9120C2555176}.Release|x86.ActiveCfg = Release|Win32
		{7E1E3503-0280-4841-B338-9120C2555176}.Release|x86.Build.0 = Release|Win32
	EndGlobalSection
	GlobalSection(SolutionProperties) = preSolution
		HideSolutionNode = FALSE
	EndGlobalSection
	GlobalSection(ExtensibilityGlobals) = postSolution
		SolutionGuid = {2846BD49-A253-4649-B324-BCAB19AA6F59}
	EndGlobalSection
EndGlobal
